
Microsoft Visual Studio Solution File, Format Version 12.00
# Visual Studio Version 17
VisualStudioVersion = 17.14.36511.14 d17.14
MinimumVisualStudioVersion = 10.0.40219.1
Project("{FAE04EC0-301F-11D3-BF4B-00C04F79EFBC}") = "Code", "Code\Code.csproj", "{D1BC686B-A397-4CEC-AB0F-C7822057E548}"
EndProject
Global
	GlobalSection(SolutionConfigurationPlatforms) = preSolution
		Debug|Any CPU = Debug|Any CPU
		Release|Any CPU = Release|Any CPU
	EndGlobalSection
	GlobalSection(ProjectConfigurationPlatforms) = postSolution
		{D1BC686B-A397-4CEC-AB0F-C7822057E548}.Debug|Any CPU.ActiveCfg = Debug|Any CPU
		{D1BC686B-A397-4CEC-AB0F-C7822057E548}.Debug|Any CPU.Build.0 = Debug|Any CPU
		{D1BC686B-A397-4CEC-AB0F-C7822057E548}.Release|Any CPU.ActiveCfg = Release|Any CPU
		{D1BC686B-A397-4CEC-AB0F-C7822057E548}.Release|Any CPU.Build.0 = Release|Any CPU
	EndGlobalSection
	GlobalSection(SolutionProperties) = preSolution
		HideSolutionNode = FALSE
	EndGlobalSection
	GlobalSection(ExtensibilityGlobals) = postSolution
		SolutionGuid = {0A4E5272-9A0E-4259-BAA9-A1DAD8F6CF73}
	EndGlobalSection
EndGlobal
