
Microsoft Visual Studio Solution File, Format Version 12.00
# Visual Studio Version 17
VisualStudioVersion = 17.9.34728.123
MinimumVisualStudioVersion = 10.0.40219.1
Project("{FAE04EC0-301F-11D3-BF4B-00C04F79EFBC}") = "Page", "Page\Page.csproj", "{5E120AA5-205A-4D2D-841E-A668796E4A3C}"
EndProject
Global
	GlobalSection(SolutionConfigurationPlatforms) = preSolution
		Debug|Any CPU = Debug|Any CPU
		Release|Any CPU = Release|Any CPU
	EndGlobalSection
	GlobalSection(ProjectConfigurationPlatforms) = postSolution
		{5E120AA5-205A-4D2D-841E-A668796E4A3C}.Debug|Any CPU.ActiveCfg = Debug|Any CPU
		{5E120AA5-205A-4D2D-841E-A668796E4A3C}.Debug|Any CPU.Build.0 = Debug|Any CPU
		{5E120AA5-205A-4D2D-841E-A668796E4A3C}.Release|Any CPU.ActiveCfg = Release|Any CPU
		{5E120AA5-205A-4D2D-841E-A668796E4A3C}.Release|Any CPU.Build.0 = Release|Any CPU
	EndGlobalSection
	GlobalSection(SolutionProperties) = preSolution
		HideSolutionNode = FALSE
	EndGlobalSection
	GlobalSection(ExtensibilityGlobals) = postSolution
		SolutionGuid = {6F4A1716-FF05-485A-8609-8D06353606AB}
	EndGlobalSection
EndGlobal
